
Microsoft Visual Studio Solution File, Format Version 12.00
# Visual Studio 15
VisualStudioVersion = 15.0.26430.14
MinimumVisualStudioVersion = 10.0.40219.1
Project("{8BC9CEB8-8B4A-11D0-8D11-00A0C91BC942}") = "Meteorites.App", "Meteorites.App\Meteorites.App.vcxproj", "{C8FEA342-1F85-4031-8214-9A726AA1C972}"
	ProjectSection(ProjectDependencies) = postProject
		{77F964FB-EF82-4D6F-8280-2E300686CB92} = {77F964FB-EF82-4D6F-8280-2E300686CB92}
	EndProjectSection
EndProject
Project("{8BC9CEB8-8B4A-11D0-8D11-00A0C91BC942}") = "Meteorites.Core", "Meteorites.Core\Meteorites.Core.vcxproj", "{77F964FB-EF82-4D6F-8280-2E300686CB92}"
EndProject
Project("{8BC9CEB8-8B4A-11D0-8D11-00A0C91BC942}") = "Meteorites.CpuSolvers", "Meteorites.CpuSolvers\Meteorites.CpuSolvers.vcxproj", "{30BE9396-8F95-4E6B-9676-7F57120FD556}"
EndProject
Project("{8BC9CEB8-8B4A-11D0-8D11-00A0C91BC942}") = "Meteorites.KnowledgeBase", "Meteorites.KnowledgeBase\Meteorites.KnowledgeBase.vcxproj", "{0D667C4A-8E1F-4DF5-B867-A3B4F1EB13D2}"
EndProject
Project("{8BC9CEB8-8B4A-11D0-8D11-00A0C91BC942}") = "Meteorites.Tests", "Meteorites.Tests\Meteorites.Tests.vcxproj", "{8EB03E8F-F692-43D0-B641-329992F111A3}"
	ProjectSection(ProjectDependencies) = postProject
		{0D667C4A-8E1F-4DF5-B867-A3B4F1EB13D2} = {0D667C4A-8E1F-4DF5-B867-A3B4F1EB13D2}
		{30BE9396-8F95-4E6B-9676-7F57120FD556} = {30BE9396-8F95-4E6B-9676-7F57120FD556}
		{77F964FB-EF82-4D6F-8280-2E300686CB92} = {77F964FB-EF82-4D6F-8280-2E300686CB92}
	EndProjectSection
EndProject
Project("{8BC9CEB8-8B4A-11D0-8D11-00A0C91BC942}") = "Meteorites.Benchmark", "Meteorites.Benchmark\Meteorites.Benchmark.vcxproj", "{3717A48C-E7A2-479F-BE03-810B9BDCC15F}"
EndProject
Global
	GlobalSection(SolutionConfigurationPlatforms) = preSolution
		Debug|x64 = Debug|x64
		Debug|x86 = Debug|x86
		Release|x64 = Release|x64
		Release|x86 = Release|x86
	EndGlobalSection
	GlobalSection(ProjectConfigurationPlatforms) = postSolution
		{C8FEA342-1F85-4031-8214-9A726AA1C972}.Debug|x64.ActiveCfg = Debug|x64
		{C8FEA342-1F85-4031-8214-9A726AA1C972}.Debug|x64.Build.0 = Debug|x64
		{C8FEA342-1F85-4031-8214-9A726AA1C972}.Debug|x86.ActiveCfg = Debug|x64
		{C8FEA342-1F85-4031-8214-9A726AA1C972}.Release|x64.ActiveCfg = Release|x64
		{C8FEA342-1F85-4031-8214-9A726AA1C972}.Release|x64.Build.0 = Release|x64
		{C8FEA342-1F85-4031-8214-9A726AA1C972}.Release|x86.ActiveCfg = Release|x64
		{77F964FB-EF82-4D6F-8280-2E300686CB92}.Debug|x64.ActiveCfg = Debug|x64
		{77F964FB-EF82-4D6F-8280-2E300686CB92}.Debug|x64.Build.0 = Debug|x64
		{77F964FB-EF82-4D6F-8280-2E300686CB92}.Debug|x86.ActiveCfg = Debug|x64
		{77F964FB-EF82-4D6F-8280-2E300686CB92}.Release|x64.ActiveCfg = Release|x64
		{77F964FB-EF82-4D6F-8280-2E300686CB92}.Release|x64.Build.0 = Release|x64
		{77F964FB-EF82-4D6F-8280-2E300686CB92}.Release|x86.ActiveCfg = Release|x64
		{30BE9396-8F95-4E6B-9676-7F57120FD556}.Debug|x64.ActiveCfg = Debug|x64
		{30BE9396-8F95-4E6B-9676-7F57120FD556}.Debug|x64.Build.0 = Debug|x64
		{30BE9396-8F95-4E6B-9676-7F57120FD556}.Debug|x86.ActiveCfg = Debug|x64
		{30BE9396-8F95-4E6B-9676-7F57120FD556}.Release|x64.ActiveCfg = Release|x64
		{30BE9396-8F95-4E6B-9676-7F57120FD556}.Release|x64.Build.0 = Release|x64
		{30BE9396-8F95-4E6B-9676-7F57120FD556}.Release|x86.ActiveCfg = Release|x64
		{0D667C4A-8E1F-4DF5-B867-A3B4F1EB13D2}.Debug|x64.ActiveCfg = Debug|x64
		{0D667C4A-8E1F-4DF5-B867-A3B4F1EB13D2}.Debug|x64.Build.0 = Debug|x64
		{0D667C4A-8E1F-4DF5-B867-A3B4F1EB13D2}.Debug|x86.ActiveCfg = Debug|Win32
		{0D667C4A-8E1F-4DF5-B867-A3B4F1EB13D2}.Debug|x86.Build.0 = Debug|Win32
		{0D667C4A-8E1F-4DF5-B867-A3B4F1EB13D2}.Debug|x86.Deploy.0 = Debug|Win32
		{0D667C4A-8E1F-4DF5-B867-A3B4F1EB13D2}.Release|x64.ActiveCfg = Release|x64
		{0D667C4A-8E1F-4DF5-B867-A3B4F1EB13D2}.Release|x64.Build.0 = Release|x64
		{0D667C4A-8E1F-4DF5-B867-A3B4F1EB13D2}.Release|x86.ActiveCfg = Release|Win32
		{0D667C4A-8E1F-4DF5-B867-A3B4F1EB13D2}.Release|x86.Build.0 = Release|Win32
		{0D667C4A-8E1F-4DF5-B867-A3B4F1EB13D2}.Release|x86.Deploy.0 = Release|Win32
		{8EB03E8F-F692-43D0-B641-329992F111A3}.Debug|x64.ActiveCfg = Debug|x64
		{8EB03E8F-F692-43D0-B641-329992F111A3}.Debug|x64.Build.0 = Debug|x64
		{8EB03E8F-F692-43D0-B641-329992F111A3}.Debug|x86.ActiveCfg = Debug|Win32
		{8EB03E8F-F692-43D0-B641-329992F111A3}.Debug|x86.Build.0 = Debug|Win32
		{8EB03E8F-F692-43D0-B641-329992F111A3}.Debug|x86.Deploy.0 = Debug|Win32
		{8EB03E8F-F692-43D0-B641-329992F111A3}.Release|x64.ActiveCfg = Release|x64
		{8EB03E8F-F692-43D0-B641-329992F111A3}.Release|x64.Build.0 = Release|x64
		{8EB03E8F-F692-43D0-B641-329992F111A3}.Release|x86.ActiveCfg = Release|Win32
		{8EB03E8F-F692-43D0-B641-329992F111A3}.Release|x86.Build.0 = Release|Win32
		{8EB03E8F-F692-43D0-B641-329992F111A3}.Release|x86.Deploy.0 = Release|Win32
		{3717A48C-E7A2-479F-BE03-810B9BDCC15F}.Debug|x64.ActiveCfg = Debug|x64
		{3717A48C-E7A2-479F-BE03-810B9BDCC15F}.Debug|x64.Build.0 = Debug|x64
		{3717A48C-E7A2-479F-BE03-810B9BDCC15F}.Debug|x86.ActiveCfg = Debug|Win32
		{3717A48C-E7A2-479F-BE03-810B9BDCC15F}.Debug|x86.Build.0 = Debug|Win32
		{3717A48C-E7A2-479F-BE03-810B9BDCC15F}.Release|x64.ActiveCfg = Release|x64
		{3717A48C-E7A2-479F-BE03-810B9BDCC15F}.Release|x64.Build.0 = Release|x64
		{3717A48C-E7A2-479F-BE03-810B9BDCC15F}.Release|x86.ActiveCfg = Release|Win32
		{3717A48C-E7A2-479F-BE03-810B9BDCC15F}.Release|x86.Build.0 = Release|Win32
	EndGlobalSection
	GlobalSection(SolutionProperties) = preSolution
		HideSolutionNode = FALSE
	EndGlobalSection
EndGlobal
